// !$*UTF8*$!
{
	archiveVersion = 1;
	classes = {
	};
	objectVersion = 46;
	objects = {

/* Begin PBXBuildFile section */
		8EFD3FEE1A03F600003F68C9 /* AppDelegate.swift in Sources */ = {isa = PBXBuildFile; fileRef = 8EFD3FED1A03F600003F68C9 /* AppDelegate.swift */; };
		8EFD3FF01A03F600003F68C9 /* ViewController.swift in Sources */ = {isa = PBXBuildFile; fileRef = 8EFD3FEF1A03F600003F68C9 /* ViewController.swift */; };
		8EFD3FF31A03F600003F68C9 /* Main.storyboard in Resources */ = {isa = PBXBuildFile; fileRef = 8EFD3FF11A03F600003F68C9 /* Main.storyboard */; };
		8EFD3FF51A03F600003F68C9 /* Images.xcassets in Resources */ = {isa = PBXBuildFile; fileRef = 8EFD3FF41A03F600003F68C9 /* Images.xcassets */; };
		8EFD3FF81A03F600003F68C9 /* LaunchScreen.xib in Resources */ = {isa = PBXBuildFile; fileRef = 8EFD3FF61A03F600003F68C9 /* LaunchScreen.xib */; };
		8EFD40041A03F600003F68C9 /* LectioTests.swift in Sources */ = {isa = PBXBuildFile; fileRef = 8EFD40031A03F600003F68C9 /* LectioTests.swift */; };
/* End PBXBuildFile section */

/* Begin PBXContainerItemProxy section */
		8EFD3FFE1A03F600003F68C9 /* PBXContainerItemProxy */ = {
			isa = PBXContainerItemProxy;
			containerPortal = 8EFD3FE01A03F600003F68C9 /* Project object */;
			proxyType = 1;
			remoteGlobalIDString = 8EFD3FE71A03F600003F68C9;
			remoteInfo = Lectio;
		};
/* End PBXContainerItemProxy section */

/* Begin PBXFileReference section */
		8EFD3FE81A03F600003F68C9 /* Lectio.app */ = {isa = PBXFileReference; explicitFileType = wrapper.application; includeInIndex = 0; path = Lectio.app; sourceTree = BUILT_PRODUCTS_DIR; };
		8EFD3FEC1A03F600003F68C9 /* Info.plist */ = {isa = PBXFileReference; lastKnownFileType = text.plist.xml; path = Info.plist; sourceTree = "<group>"; };
		8EFD3FED1A03F600003F68C9 /* AppDelegate.swift */ = {isa = PBXFileReference; lastKnownFileType = sourcecode.swift; path = AppDelegate.swift; sourceTree = "<group>"; };
		8EFD3FEF1A03F600003F68C9 /* ViewController.swift */ = {isa = PBXFileReference; lastKnownFileType = sourcecode.swift; path = ViewController.swift; sourceTree = "<group>"; };
		8EFD3FF21A03F600003F68C9 /* Base */ = {isa = PBXFileReference; lastKnownFileType = file.storyboard; name = Base; path = Base.lproj/Main.storyboard; sourceTree = "<group>"; };
		8EFD3FF41A03F600003F68C9 /* Images.xcassets */ = {isa = PBXFileReference; lastKnownFileType = folder.assetcatalog; path = Images.xcassets; sourceTree = "<group>"; };
		8EFD3FF71A03F600003F68C9 /* Base */ = {isa = PBXFileReference; lastKnownFileType = file.xib; name = Base; path = Base.lproj/LaunchScreen.xib; sourceTree = "<group>"; };
		8EFD3FFD1A03F600003F68C9 /* LectioTests.xctest */ = {isa = PBXFileReference; explicitFileType = wrapper.cfbundle; includeInIndex = 0; path = LectioTests.xctest; sourceTree = BUILT_PRODUCTS_DIR; };
		8EFD40021A03F600003F68C9 /* Info.plist */ = {isa = PBXFileReference; lastKnownFileType = text.plist.xml; path = Info.plist; sourceTree = "<group>"; };
		8EFD40031A03F600003F68C9 /* LectioTests.swift */ = {isa = PBXFileReference; lastKnownFileType = sourcecode.swift; path = LectioTests.swift; sourceTree = "<group>"; };
/* End PBXFileReference section */

/* Begin PBXFrameworksBuildPhase section */
		8EFD3FE51A03F600003F68C9 /* Frameworks */ = {
			isa = PBXFrameworksBuildPhase;
			buildActionMask = 2147483647;
			files = (
			);
			runOnlyForDeploymentPostprocessing = 0;
		};
		8EFD3FFA1A03F600003F68C9 /* Frameworks */ = {
			isa = PBXFrameworksBuildPhase;
			buildActionMask = 2147483647;
			files = (
			);
			runOnlyForDeploymentPostprocessing = 0;
		};
/* End PBXFrameworksBuildPhase section */

/* Begin PBXGroup section */
		8EFD3FDF1A03F600003F68C9 = {
			isa = PBXGroup;
			children = (
				8EFD3FEA1A03F600003F68C9 /* Lectio */,
				8EFD40001A03F600003F68C9 /* LectioTests */,
				8EFD3FE91A03F600003F68C9 /* Products */,
			);
			sourceTree = "<group>";
		};
		8EFD3FE91A03F600003F68C9 /* Products */ = {
			isa = PBXGroup;
			children = (
				8EFD3FE81A03F600003F68C9 /* Lectio.app */,
				8EFD3FFD1A03F600003F68C9 /* LectioTests.xctest */,
			);
			name = Products;
			sourceTree = "<group>";
		};
		8EFD3FEA1A03F600003F68C9 /* Lectio */ = {
			isa = PBXGroup;
			children = (
				8EFD3FED1A03F600003F68C9 /* AppDelegate.swift */,
				8EFD3FEF1A03F600003F68C9 /* ViewController.swift */,
				8EFD3FF11A03F600003F68C9 /* Main.storyboard */,
				8EFD3FF41A03F600003F68C9 /* Images.xcassets */,
				8EFD3FF61A03F600003F68C9 /* LaunchScreen.xib */,
				8EFD3FEB1A03F600003F68C9 /* Supporting Files */,
			);
			path = Lectio;
			sourceTree = "<group>";
		};
		8EFD3FEB1A03F600003F68C9 /* Supporting Files */ = {
			isa = PBXGroup;
			children = (
				8EFD3FEC1A03F600003F68C9 /* Info.plist */,
			);
			name = "Supporting Files";
			sourceTree = "<group>";
		};
		8EFD40001A03F600003F68C9 /* LectioTests */ = {
			isa = PBXGroup;
			children = (
				8EFD40031A03F600003F68C9 /* LectioTests.swift */,
				8EFD40011A03F600003F68C9 /* Supporting Files */,
			);
			path = LectioTests;
			sourceTree = "<group>";
		};
		8EFD40011A03F600003F68C9 /* Supporting Files */ = {
			isa = PBXGroup;
			children = (
				8EFD40021A03F600003F68C9 /* Info.plist */,
			);
			name = "Supporting Files";
			sourceTree = "<group>";
		};
/* End PBXGroup section */

/* Begin PBXNativeTarget section */
		8EFD3FE71A03F600003F68C9 /* Lectio */ = {
			isa = PBXNativeTarget;
			buildConfigurationList = 8EFD40071A03F600003F68C9 /* Build configuration list for PBXNativeTarget "Lectio" */;
			buildPhases = (
				8EFD3FE41A03F600003F68C9 /* Sources */,
				8EFD3FE51A03F600003F68C9 /* Frameworks */,
				8EFD3FE61A03F600003F68C9 /* Resources */,
			);
			buildRules = (
			);
			dependencies = (
			);
			name = Lectio;
			productName = Lectio;
			productReference = 8EFD3FE81A03F600003F68C9 /* Lectio.app */;
			productType = "com.apple.product-type.application";
		};
		8EFD3FFC1A03F600003F68C9 /* LectioTests */ = {
			isa = PBXNativeTarget;
			buildConfigurationList = 8EFD400A1A03F600003F68C9 /* Build configuration list for PBXNativeTarget "LectioTests" */;
			buildPhases = (
				8EFD3FF91A03F600003F68C9 /* Sources */,
				8EFD3FFA1A03F600003F68C9 /* Frameworks */,
				8EFD3FFB1A03F600003F68C9 /* Resources */,
			);
			buildRules = (
			);
			dependencies = (
				8EFD3FFF1A03F600003F68C9 /* PBXTargetDependency */,
			);
			name = LectioTests;
			productName = LectioTests;
			productReference = 8EFD3FFD1A03F600003F68C9 /* LectioTests.xctest */;
			productType = "com.apple.product-type.bundle.unit-test";
		};
/* End PBXNativeTarget section */

/* Begin PBXProject section */
		8EFD3FE01A03F600003F68C9 /* Project object */ = {
			isa = PBXProject;
			attributes = {
				LastUpgradeCheck = 0610;
				ORGANIZATIONNAME = "Team WEIJ";
				TargetAttributes = {
					8EFD3FE71A03F600003F68C9 = {
						CreatedOnToolsVersion = 6.1;
					};
					8EFD3FFC1A03F600003F68C9 = {
						CreatedOnToolsVersion = 6.1;
						TestTargetID = 8EFD3FE71A03F600003F68C9;
					};
				};
			};
			buildConfigurationList = 8EFD3FE31A03F600003F68C9 /* Build configuration list for PBXProject "Lectio" */;
			compatibilityVersion = "Xcode 3.2";
			developmentRegion = English;
			hasScannedForEncodings = 0;
			knownRegions = (
				en,
				Base,
			);
			mainGroup = 8EFD3FDF1A03F600003F68C9;
			productRefGroup = 8EFD3FE91A03F600003F68C9 /* Products */;
			projectDirPath = "";
			projectRoot = "";
			targets = (
				8EFD3FE71A03F600003F68C9 /* Lectio */,
				8EFD3FFC1A03F600003F68C9 /* LectioTests */,
			);
		};
/* End PBXProject section */

/* Begin PBXResourcesBuildPhase section */
		8EFD3FE61A03F600003F68C9 /* Resources */ = {
			isa = PBXResourcesBuildPhase;
			buildActionMask = 2147483647;
			files = (
				8EFD3FF31A03F600003F68C9 /* Main.storyboard in Resources */,
				8EFD3FF81A03F600003F68C9 /* LaunchScreen.xib in Resources */,
				8EFD3FF51A03F600003F68C9 /* Images.xcassets in Resources */,
			);
			runOnlyForDeploymentPostprocessing = 0;
		};
		8EFD3FFB1A03F600003F68C9 /* Resources */ = {
			isa = PBXResourcesBuildPhase;
			buildActionMask = 2147483647;
			files = (
			);
			runOnlyForDeploymentPostprocessing = 0;
		};
/* End PBXResourcesBuildPhase section */

/* Begin PBXSourcesBuildPhase section */
		8EFD3FE41A03F600003F68C9 /* Sources */ = {
			isa = PBXSourcesBuildPhase;
			buildActionMask = 2147483647;
			files = (
				8EFD3FF01A03F600003F68C9 /* ViewController.swift in Sources */,
				8EFD3FEE1A03F600003F68C9 /* AppDelegate.swift in Sources */,
			);
			runOnlyForDeploymentPostprocessing = 0;
		};
		8EFD3FF91A03F600003F68C9 /* Sources */ = {
			isa = PBXSourcesBuildPhase;
			buildActionMask = 2147483647;
			files = (
				8EFD40041A03F600003F68C9 /* LectioTests.swift in Sources */,
			);
			runOnlyForDeploymentPostprocessing = 0;
		};
/* End PBXSourcesBuildPhase section */

/* Begin PBXTargetDependency section */
		8EFD3FFF1A03F600003F68C9 /* PBXTargetDependency */ = {
			isa = PBXTargetDependency;
			target = 8EFD3FE71A03F600003F68C9 /* Lectio */;
			targetProxy = 8EFD3FFE1A03F600003F68C9 /* PBXContainerItemProxy */;
		};
/* End PBXTargetDependency section */

/* Begin PBXVariantGroup section */
		8EFD3FF11A03F600003F68C9 /* Main.storyboard */ = {
			isa = PBXVariantGroup;
			children = (
				8EFD3FF21A03F600003F68C9 /* Base */,
			);
			name = Main.storyboard;
			sourceTree = "<group>";
		};
		8EFD3FF61A03F600003F68C9 /* LaunchScreen.xib */ = {
			isa = PBXVariantGroup;
			children = (
				8EFD3FF71A03F600003F68C9 /* Base */,
			);
			name = LaunchScreen.xib;
			sourceTree = "<group>";
		};
/* End PBXVariantGroup section */

/* Begin XCBuildConfiguration section */
		8EFD40051A03F600003F68C9 /* Debug */ = {
			isa = XCBuildConfiguration;
			buildSettings = {
				ALWAYS_SEARCH_USER_PATHS = NO;
				CLANG_CXX_LANGUAGE_STANDARD = "gnu++0x";
				CLANG_CXX_LIBRARY = "libc++";
				CLANG_ENABLE_MODULES = YES;
				CLANG_ENABLE_OBJC_ARC = YES;
				CLANG_WARN_BOOL_CONVERSION = YES;
				CLANG_WARN_CONSTANT_CONVERSION = YES;
				CLANG_WARN_DIRECT_OBJC_ISA_USAGE = YES_ERROR;
				CLANG_WARN_EMPTY_BODY = YES;
				CLANG_WARN_ENUM_CONVERSION = YES;
				CLANG_WARN_INT_CONVERSION = YES;
				CLANG_WARN_OBJC_ROOT_CLASS = YES_ERROR;
				CLANG_WARN_UNREACHABLE_CODE = YES;
				CLANG_WARN__DUPLICATE_METHOD_MATCH = YES;
				"CODE_SIGN_IDENTITY[sdk=iphoneos*]" = "iPhone Developer";
				COPY_PHASE_STRIP = NO;
				ENABLE_STRICT_OBJC_MSGSEND = YES;
				GCC_C_LANGUAGE_STANDARD = gnu99;
				GCC_DYNAMIC_NO_PIC = NO;
				GCC_OPTIMIZATION_LEVEL = 0;
				GCC_PREPROCESSOR_DEFINITIONS = (
					"DEBUG=1",
					"$(inherited)",
				);
				GCC_SYMBOLS_PRIVATE_EXTERN = NO;
				GCC_WARN_64_TO_32_BIT_CONVERSION = YES;
				GCC_WARN_ABOUT_RETURN_TYPE = YES_ERROR;
				GCC_WARN_UNDECLARED_SELECTOR = YES;
				GCC_WARN_UNINITIALIZED_AUTOS = YES_AGGRESSIVE;
				GCC_WARN_UNUSED_FUNCTION = YES;
				GCC_WARN_UNUSED_VARIABLE = YES;
				IPHONEOS_DEPLOYMENT_TARGET = 8.1;
				MTL_ENABLE_DEBUG_INFO = YES;
				ONLY_ACTIVE_ARCH = YES;
				SDKROOT = iphoneos;
				SWIFT_OPTIMIZATION_LEVEL = "-Onone";
				TARGETED_DEVICE_FAMILY = "1,2";
			};
			name = Debug;
		};
		8EFD40061A03F600003F68C9 /* Release */ = {
			isa = XCBuildConfiguration;
			buildSettings = {
				ALWAYS_SEARCH_USER_PATHS = NO;
				CLANG_CXX_LANGUAGE_STANDARD = "gnu++0x";
				CLANG_CXX_LIBRARY = "libc++";
				CLANG_ENABLE_MODULES = YES;
				CLANG_ENABLE_OBJC_ARC = YES;
				CLANG_WARN_BOOL_CONVERSION = YES;
				CLANG_WARN_CONSTANT_CONVERSION = YES;
				CLANG_WARN_DIRECT_OBJC_ISA_USAGE = YES_ERROR;
				CLANG_WARN_EMPTY_BODY = YES;
				CLANG_WARN_ENUM_CONVERSION = YES;
				CLANG_WARN_INT_CONVERSION = YES;
				CLANG_WARN_OBJC_ROOT_CLASS = YES_ERROR;
				CLANG_WARN_UNREACHABLE_CODE = YES;
				CLANG_WARN__DUPLICATE_METHOD_MATCH = YES;
				"CODE_SIGN_IDENTITY[sdk=iphoneos*]" = "iPhone Developer";
				COPY_PHASE_STRIP = YES;
				ENABLE_NS_ASSERTIONS = NO;
				ENABLE_STRICT_OBJC_MSGSEND = YES;
				GCC_C_LANGUAGE_STANDARD = gnu99;
				GCC_WARN_64_TO_32_BIT_CONVERSION = YES;
				GCC_WARN_ABOUT_RETURN_TYPE = YES_ERROR;
				GCC_WARN_UNDECLARED_SELECTOR = YES;
				GCC_WARN_UNINITIALIZED_AUTOS = YES_AGGRESSIVE;
				GCC_WARN_UNUSED_FUNCTION = YES;
				GCC_WARN_UNUSED_VARIABLE = YES;
				IPHONEOS_DEPLOYMENT_TARGET = 8.1;
				MTL_ENABLE_DEBUG_INFO = NO;
				SDKROOT = iphoneos;
				TARGETED_DEVICE_FAMILY = "1,2";
				VALIDATE_PRODUCT = YES;
			};
			name = Release;
		};
		8EFD40081A03F600003F68C9 /* Debug */ = {
			isa = XCBuildConfiguration;
			buildSettings = {
				ASSETCATALOG_COMPILER_APPICON_NAME = AppIcon;
				INFOPLIST_FILE = Lectio/Info.plist;
				LD_RUNPATH_SEARCH_PATHS = "$(inherited) @executable_path/Frameworks";
				PRODUCT_NAME = "$(TARGET_NAME)";
			};
			name = Debug;
		};
		8EFD40091A03F600003F68C9 /* Release */ = {
			isa = XCBuildConfiguration;
			buildSettings = {
				ASSETCATALOG_COMPILER_APPICON_NAME = AppIcon;
				INFOPLIST_FILE = Lectio/Info.plist;
				LD_RUNPATH_SEARCH_PATHS = "$(inherited) @executable_path/Frameworks";
				PRODUCT_NAME = "$(TARGET_NAME)";
			};
			name = Release;
		};
		8EFD400B1A03F600003F68C9 /* Debug */ = {
			isa = XCBuildConfiguration;
			buildSettings = {
				BUNDLE_LOADER = "$(TEST_HOST)";
				FRAMEWORK_SEARCH_PATHS = (
					"$(SDKROOT)/Developer/Library/Frameworks",
					"$(inherited)",
				);
				GCC_PREPROCESSOR_DEFINITIONS = (
					"DEBUG=1",
					"$(inherited)",
				);
				INFOPLIST_FILE = LectioTests/Info.plist;
				LD_RUNPATH_SEARCH_PATHS = "$(inherited) @executable_path/Frameworks @loader_path/Frameworks";
				PRODUCT_NAME = "$(TARGET_NAME)";
				TEST_HOST = "$(BUILT_PRODUCTS_DIR)/Lectio.app/Lectio";
			};
			name = Debug;
		};
		8EFD400C1A03F600003F68C9 /* Release */ = {
			isa = XCBuildConfiguration;
			buildSettings = {
				BUNDLE_LOADER = "$(TEST_HOST)";
				FRAMEWORK_SEARCH_PATHS = (
					"$(SDKROOT)/Developer/Library/Frameworks",
					"$(inherited)",
				);
				INFOPLIST_FILE = LectioTests/Info.plist;
				LD_RUNPATH_SEARCH_PATHS = "$(inherited) @executable_path/Frameworks @loader_path/Frameworks";
				PRODUCT_NAME = "$(TARGET_NAME)";
				TEST_HOST = "$(BUILT_PRODUCTS_DIR)/Lectio.app/Lectio";
			};
			name = Release;
		};
/* End XCBuildConfiguration section */

/* Begin XCConfigurationList section */
		8EFD3FE31A03F600003F68C9 /* Build configuration list for PBXProject "Lectio" */ = {
			isa = XCConfigurationList;
			buildConfigurations = (
				8EFD40051A03F600003F68C9 /* Debug */,
				8EFD40061A03F600003F68C9 /* Release */,
			);
			defaultConfigurationIsVisible = 0;
			defaultConfigurationName = Release;
		};
		8EFD40071A03F600003F68C9 /* Build configuration list for PBXNativeTarget "Lectio" */ = {
			isa = XCConfigurationList;
			buildConfigurations = (
				8EFD40081A03F600003F68C9 /* Debug */,
				8EFD40091A03F600003F68C9 /* Release */,
			);
			defaultConfigurationIsVisible = 0;
			defaultConfigurationName = Release;
		};
		8EFD400A1A03F600003F68C9 /* Build configuration list for PBXNativeTarget "LectioTests" */ = {
			isa = XCConfigurationList;
			buildConfigurations = (
				8EFD400B1A03F600003F68C9 /* Debug */,
				8EFD400C1A03F600003F68C9 /* Release */,
			);
			defaultConfigurationIsVisible = 0;
			defaultConfigurationName = Release;
		};
/* End XCConfigurationList section */
	};
	rootObject = 8EFD3FE01A03F600003F68C9 /* Project object */;
}
